
Microsoft Visual Studio Solution File, Format Version 12.00
# Visual Studio Version 17
VisualStudioVersion = 17.7.34024.191
MinimumVisualStudioVersion = 10.0.40219.1
Project("{9A19103F-16F7-4668-BE54-9A1E7A4F7556}") = "FinalProj.Domain", "FinalProj.Domain\FinalProj.Domain.csproj", "{88E115DF-4BED-4A2D-B737-05F0E1A6AE9B}"
EndProject
Project("{2150E333-8FDC-42A3-9474-1A3956D46DE8}") = "Domain", "Domain", "{A77F46F1-04D9-47D9-8E3F-C2BE90E8E7CB}"
EndProject
Project("{2150E333-8FDC-42A3-9474-1A3956D46DE8}") = "API", "API", "{B03C7FBC-A3CF-408F-A4C5-330568C61550}"
EndProject
Project("{2150E333-8FDC-42A3-9474-1A3956D46DE8}") = "Application", "Application", "{B88BD6C3-45BD-40F4-B963-0E8C3F08EB83}"
EndProject
Project("{2150E333-8FDC-42A3-9474-1A3956D46DE8}") = "Web", "Web", "{E5295D63-810F-4B96-B012-EA28B9D4FD2A}"
EndProject
Project("{2150E333-8FDC-42A3-9474-1A3956D46DE8}") = "IOC", "IOC", "{777EDD28-1A79-4699-8C35-1AED619F62C9}"
EndProject
Project("{2150E333-8FDC-42A3-9474-1A3956D46DE8}") = "Infrastructure", "Infrastructure", "{2AD459B2-80B0-4F6E-A91C-EACB033397E4}"
EndProject
Project("{9A19103F-16F7-4668-BE54-9A1E7A4F7556}") = "FinalProj.Application", "FinalProj.Application\FinalProj.Application.csproj", "{1D1C08C8-70D2-44E3-B843-67532CB1721C}"
EndProject
Project("{9A19103F-16F7-4668-BE54-9A1E7A4F7556}") = "FinalProj.Infrastructure", "FinalProj.Infrastructure\FinalProj.Infrastructure.csproj", "{A223B385-4B2C-40BB-A70C-132E1FF77915}"
EndProject
Project("{9A19103F-16F7-4668-BE54-9A1E7A4F7556}") = "FinalProj.IOC", "FinalProj.IOC\FinalProj.IOC.csproj", "{4ECBF652-B5C0-49B5-8BAE-BCA2713AC7EA}"
EndProject
Project("{9A19103F-16F7-4668-BE54-9A1E7A4F7556}") = "FinalProj.Web", "FinalProj.Web\FinalProj.Web.csproj", "{5B4239C5-097F-426F-8E14-04DE19DC8CD6}"
EndProject
Project("{9A19103F-16F7-4668-BE54-9A1E7A4F7556}") = "FinalProj.API", "FinalProj.API\FinalProj.API.csproj", "{101CD0CD-EBE0-4E32-A9E3-7334911DDD32}"
EndProject
Global
	GlobalSection(SolutionConfigurationPlatforms) = preSolution
		Debug|Any CPU = Debug|Any CPU
		Release|Any CPU = Release|Any CPU
	EndGlobalSection
	GlobalSection(ProjectConfigurationPlatforms) = postSolution
		{88E115DF-4BED-4A2D-B737-05F0E1A6AE9B}.Debug|Any CPU.ActiveCfg = Debug|Any CPU
		{88E115DF-4BED-4A2D-B737-05F0E1A6AE9B}.Debug|Any CPU.Build.0 = Debug|Any CPU
		{88E115DF-4BED-4A2D-B737-05F0E1A6AE9B}.Release|Any CPU.ActiveCfg = Release|Any CPU
		{88E115DF-4BED-4A2D-B737-05F0E1A6AE9B}.Release|Any CPU.Build.0 = Release|Any CPU
		{1D1C08C8-70D2-44E3-B843-67532CB1721C}.Debug|Any CPU.ActiveCfg = Debug|Any CPU
		{1D1C08C8-70D2-44E3-B843-67532CB1721C}.Debug|Any CPU.Build.0 = Debug|Any CPU
		{1D1C08C8-70D2-44E3-B843-67532CB1721C}.Release|Any CPU.ActiveCfg = Release|Any CPU
		{1D1C08C8-70D2-44E3-B843-67532CB1721C}.Release|Any CPU.Build.0 = Release|Any CPU
		{A223B385-4B2C-40BB-A70C-132E1FF77915}.Debug|Any CPU.ActiveCfg = Debug|Any CPU
		{A223B385-4B2C-40BB-A70C-132E1FF77915}.Debug|Any CPU.Build.0 = Debug|Any CPU
		{A223B385-4B2C-40BB-A70C-132E1FF77915}.Release|Any CPU.ActiveCfg = Release|Any CPU
		{A223B385-4B2C-40BB-A70C-132E1FF77915}.Release|Any CPU.Build.0 = Release|Any CPU
		{4ECBF652-B5C0-49B5-8BAE-BCA2713AC7EA}.Debug|Any CPU.ActiveCfg = Debug|Any CPU
		{4ECBF652-B5C0-49B5-8BAE-BCA2713AC7EA}.Debug|Any CPU.Build.0 = Debug|Any CPU
		{4ECBF652-B5C0-49B5-8BAE-BCA2713AC7EA}.Release|Any CPU.ActiveCfg = Release|Any CPU
		{4ECBF652-B5C0-49B5-8BAE-BCA2713AC7EA}.Release|Any CPU.Build.0 = Release|Any CPU
		{5B4239C5-097F-426F-8E14-04DE19DC8CD6}.Debug|Any CPU.ActiveCfg = Debug|Any CPU
		{5B4239C5-097F-426F-8E14-04DE19DC8CD6}.Debug|Any CPU.Build.0 = Debug|Any CPU
		{5B4239C5-097F-426F-8E14-04DE19DC8CD6}.Release|Any CPU.ActiveCfg = Release|Any CPU
		{5B4239C5-097F-426F-8E14-04DE19DC8CD6}.Release|Any CPU.Build.0 = Release|Any CPU
		{101CD0CD-EBE0-4E32-A9E3-7334911DDD32}.Debug|Any CPU.ActiveCfg = Debug|Any CPU
		{101CD0CD-EBE0-4E32-A9E3-7334911DDD32}.Debug|Any CPU.Build.0 = Debug|Any CPU
		{101CD0CD-EBE0-4E32-A9E3-7334911DDD32}.Release|Any CPU.ActiveCfg = Release|Any CPU
		{101CD0CD-EBE0-4E32-A9E3-7334911DDD32}.Release|Any CPU.Build.0 = Release|Any CPU
	EndGlobalSection
	GlobalSection(SolutionProperties) = preSolution
		HideSolutionNode = FALSE
	EndGlobalSection
	GlobalSection(NestedProjects) = preSolution
		{88E115DF-4BED-4A2D-B737-05F0E1A6AE9B} = {A77F46F1-04D9-47D9-8E3F-C2BE90E8E7CB}
		{1D1C08C8-70D2-44E3-B843-67532CB1721C} = {B88BD6C3-45BD-40F4-B963-0E8C3F08EB83}
		{A223B385-4B2C-40BB-A70C-132E1FF77915} = {2AD459B2-80B0-4F6E-A91C-EACB033397E4}
		{4ECBF652-B5C0-49B5-8BAE-BCA2713AC7EA} = {777EDD28-1A79-4699-8C35-1AED619F62C9}
		{5B4239C5-097F-426F-8E14-04DE19DC8CD6} = {E5295D63-810F-4B96-B012-EA28B9D4FD2A}
		{101CD0CD-EBE0-4E32-A9E3-7334911DDD32} = {B03C7FBC-A3CF-408F-A4C5-330568C61550}
	EndGlobalSection
	GlobalSection(ExtensibilityGlobals) = postSolution
		SolutionGuid = {0654F6B4-F1BE-4FBF-9593-6C9F6306FE7A}
	EndGlobalSection
EndGlobal
